{
  "version": 1,
  "dependencies": {
    "net9.0-windows7.0": {
      "DalamudPackager": {
        "type": "Direct",
        "requested": "[13.0.0, )",
        "resolved": "13.0.0",
        "contentHash": "Mb3cUDSK/vDPQ8gQIeuCw03EMYrej1B4J44a1AvIJ9C759p9XeqdU9Hg4WgOmlnlPe0G7ILTD32PKSUpkQNa8w=="
      },
      "HexaGen.Runtime": {
        "type": "Transitive",
        "resolved": "1.1.20",
        "contentHash": "IrlkwO5HH9L6yyVtmcW5lOj1PyHr1xcPINVf38XU2ETEeWKJ+TD8btpf897W8P0VMQSdYaBzBhrut9+VoETWyw=="
      },
      "dalamud.bindings.imgui": {
        "type": "Project",
        "dependencies": {
          "HexaGen.Runtime": "[1.1.20, )"
        }
      }
    }
  }
}